// !$*UTF8*$!
{
	archiveVersion = 1;
	classes = {
	};
	objectVersion = 56;
	objects = {

/* Begin PBXBuildFile section */
		C637979F2A0154DF002857B7 /* AppDelegate.swift in Sources */ = {isa = PBXBuildFile; fileRef = C637979E2A0154DF002857B7 /* AppDelegate.swift */; };
		C63797A12A0154DF002857B7 /* SceneDelegate.swift in Sources */ = {isa = PBXBuildFile; fileRef = C63797A02A0154DF002857B7 /* SceneDelegate.swift */; };
		C63797A32A0154DF002857B7 /* CompaniesController.swift in Sources */ = {isa = PBXBuildFile; fileRef = C63797A22A0154DF002857B7 /* CompaniesController.swift */; };
		C63797A62A0154DF002857B7 /* Main.storyboard in Resources */ = {isa = PBXBuildFile; fileRef = C63797A42A0154DF002857B7 /* Main.storyboard */; };
		C63797A82A0154E2002857B7 /* Assets.xcassets in Resources */ = {isa = PBXBuildFile; fileRef = C63797A72A0154E2002857B7 /* Assets.xcassets */; };
		C63797AB2A0154E2002857B7 /* LaunchScreen.storyboard in Resources */ = {isa = PBXBuildFile; fileRef = C63797A92A0154E2002857B7 /* LaunchScreen.storyboard */; };
		C63797D32A026505002857B7 /* UIColor+theme.swift in Sources */ = {isa = PBXBuildFile; fileRef = C63797D22A026505002857B7 /* UIColor+theme.swift */; };
		C63797D52A0284F8002857B7 /* Company.swift in Sources */ = {isa = PBXBuildFile; fileRef = C63797D42A0284F8002857B7 /* Company.swift */; };
		C63797D72A029FA1002857B7 /* CreateCompanyController.swift in Sources */ = {isa = PBXBuildFile; fileRef = C63797D62A029FA1002857B7 /* CreateCompanyController.swift */; };
		C680B7D42A6929B800CA177F /* Service.swift in Sources */ = {isa = PBXBuildFile; fileRef = C680B7D32A6929B800CA177F /* Service.swift */; };
		C68430A82A039BC40088A378 /* IntermediateTrainingModels.xcdatamodeld in Sources */ = {isa = PBXBuildFile; fileRef = C68430A62A039BC40088A378 /* IntermediateTrainingModels.xcdatamodeld */; };
		C6886F5F2A092C4600818FE4 /* CoreDataManager.swift in Sources */ = {isa = PBXBuildFile; fileRef = C6886F5E2A092C4600818FE4 /* CoreDataManager.swift */; };
		C69654C12A6811BB009E5F3F /* CompaniesAutoUpdateController.swift in Sources */ = {isa = PBXBuildFile; fileRef = C69654C02A6811BB009E5F3F /* CompaniesAutoUpdateController.swift */; };
		C6E6D9B42A653E54007B4BAD /* EmployeeType.swift in Sources */ = {isa = PBXBuildFile; fileRef = C6E6D9B32A653E54007B4BAD /* EmployeeType.swift */; };
		C6F176272A0A951F007E940B /* CompanyCell.swift in Sources */ = {isa = PBXBuildFile; fileRef = C6F176262A0A951F007E940B /* CompanyCell.swift */; };
		C6F1762A2A0BA1A0007E940B /* CompaniesController+CreateCompany.swift in Sources */ = {isa = PBXBuildFile; fileRef = C6F176292A0BA1A0007E940B /* CompaniesController+CreateCompany.swift */; };
		C6F1762C2A0BA235007E940B /* CompaniesController+UITableView.swift in Sources */ = {isa = PBXBuildFile; fileRef = C6F1762B2A0BA235007E940B /* CompaniesController+UITableView.swift */; };
		C6F1762E2A0BCF8A007E940B /* EmployeesController.swift in Sources */ = {isa = PBXBuildFile; fileRef = C6F1762D2A0BCF8A007E940B /* EmployeesController.swift */; };
		C6F176312A0BD521007E940B /* UIViewController+Helpers.swift in Sources */ = {isa = PBXBuildFile; fileRef = C6F176302A0BD521007E940B /* UIViewController+Helpers.swift */; };
		C6F176332A0BD629007E940B /* CreateEmployeeController.swift in Sources */ = {isa = PBXBuildFile; fileRef = C6F176322A0BD629007E940B /* CreateEmployeeController.swift */; };
/* End PBXBuildFile section */

/* Begin PBXFileReference section */
		C637979B2A0154DF002857B7 /* IntermediateTraining.app */ = {isa = PBXFileReference; explicitFileType = wrapper.application; includeInIndex = 0; path = IntermediateTraining.app; sourceTree = BUILT_PRODUCTS_DIR; };
		C637979E2A0154DF002857B7 /* AppDelegate.swift */ = {isa = PBXFileReference; lastKnownFileType = sourcecode.swift; path = AppDelegate.swift; sourceTree = "<group>"; };
		C63797A02A0154DF002857B7 /* SceneDelegate.swift */ = {isa = PBXFileReference; lastKnownFileType = sourcecode.swift; path = SceneDelegate.swift; sourceTree = "<group>"; };
		C63797A22A0154DF002857B7 /* CompaniesController.swift */ = {isa = PBXFileReference; lastKnownFileType = sourcecode.swift; path = CompaniesController.swift; sourceTree = "<group>"; };
		C63797A52A0154DF002857B7 /* Base */ = {isa = PBXFileReference; lastKnownFileType = file.storyboard; name = Base; path = Base.lproj/Main.storyboard; sourceTree = "<group>"; };
		C63797A72A0154E2002857B7 /* Assets.xcassets */ = {isa = PBXFileReference; lastKnownFileType = folder.assetcatalog; path = Assets.xcassets; sourceTree = "<group>"; };
		C63797AA2A0154E2002857B7 /* Base */ = {isa = PBXFileReference; lastKnownFileType = file.storyboard; name = Base; path = Base.lproj/LaunchScreen.storyboard; sourceTree = "<group>"; };
		C63797AC2A0154E2002857B7 /* Info.plist */ = {isa = PBXFileReference; lastKnownFileType = text.plist.xml; path = Info.plist; sourceTree = "<group>"; };
		C63797D22A026505002857B7 /* UIColor+theme.swift */ = {isa = PBXFileReference; lastKnownFileType = sourcecode.swift; path = "UIColor+theme.swift"; sourceTree = "<group>"; };
		C63797D42A0284F8002857B7 /* Company.swift */ = {isa = PBXFileReference; lastKnownFileType = sourcecode.swift; path = Company.swift; sourceTree = "<group>"; };
		C63797D62A029FA1002857B7 /* CreateCompanyController.swift */ = {isa = PBXFileReference; lastKnownFileType = sourcecode.swift; path = CreateCompanyController.swift; sourceTree = "<group>"; };
		C680B7D32A6929B800CA177F /* Service.swift */ = {isa = PBXFileReference; lastKnownFileType = sourcecode.swift; path = Service.swift; sourceTree = "<group>"; };
		C68430A72A039BC40088A378 /* IntermediateTrainingModels.xcdatamodel */ = {isa = PBXFileReference; lastKnownFileType = wrapper.xcdatamodel; path = IntermediateTrainingModels.xcdatamodel; sourceTree = "<group>"; };
		C6886F5E2A092C4600818FE4 /* CoreDataManager.swift */ = {isa = PBXFileReference; lastKnownFileType = sourcecode.swift; path = CoreDataManager.swift; sourceTree = "<group>"; };
		C69654C02A6811BB009E5F3F /* CompaniesAutoUpdateController.swift */ = {isa = PBXFileReference; lastKnownFileType = sourcecode.swift; path = CompaniesAutoUpdateController.swift; sourceTree = "<group>"; };
		C69D294D2A6AB38D008B4BB3 /* IntermediateTrainingModels_v1.1.xcdatamodel */ = {isa = PBXFileReference; lastKnownFileType = wrapper.xcdatamodel; path = IntermediateTrainingModels_v1.1.xcdatamodel; sourceTree = "<group>"; };
		C6E6D9B32A653E54007B4BAD /* EmployeeType.swift */ = {isa = PBXFileReference; lastKnownFileType = sourcecode.swift; path = EmployeeType.swift; sourceTree = "<group>"; };
		C6F176262A0A951F007E940B /* CompanyCell.swift */ = {isa = PBXFileReference; lastKnownFileType = sourcecode.swift; path = CompanyCell.swift; sourceTree = "<group>"; };
		C6F176292A0BA1A0007E940B /* CompaniesController+CreateCompany.swift */ = {isa = PBXFileReference; lastKnownFileType = sourcecode.swift; path = "CompaniesController+CreateCompany.swift"; sourceTree = "<group>"; };
		C6F1762B2A0BA235007E940B /* CompaniesController+UITableView.swift */ = {isa = PBXFileReference; lastKnownFileType = sourcecode.swift; path = "CompaniesController+UITableView.swift"; sourceTree = "<group>"; };
		C6F1762D2A0BCF8A007E940B /* EmployeesController.swift */ = {isa = PBXFileReference; lastKnownFileType = sourcecode.swift; path = EmployeesController.swift; sourceTree = "<group>"; };
		C6F176302A0BD521007E940B /* UIViewController+Helpers.swift */ = {isa = PBXFileReference; lastKnownFileType = sourcecode.swift; path = "UIViewController+Helpers.swift"; sourceTree = "<group>"; };
		C6F176322A0BD629007E940B /* CreateEmployeeController.swift */ = {isa = PBXFileReference; lastKnownFileType = sourcecode.swift; path = CreateEmployeeController.swift; sourceTree = "<group>"; };
/* End PBXFileReference section */

/* Begin PBXFrameworksBuildPhase section */
		C63797982A0154DF002857B7 /* Frameworks */ = {
			isa = PBXFrameworksBuildPhase;
			buildActionMask = 2147483647;
			files = (
			);
			runOnlyForDeploymentPostprocessing = 0;
		};
/* End PBXFrameworksBuildPhase section */

/* Begin PBXGroup section */
		C63797922A0154DF002857B7 = {
			isa = PBXGroup;
			children = (
				C637979D2A0154DF002857B7 /* IntermediateTraining */,
				C637979C2A0154DF002857B7 /* Products */,
			);
			sourceTree = "<group>";
		};
		C637979C2A0154DF002857B7 /* Products */ = {
			isa = PBXGroup;
			children = (
				C637979B2A0154DF002857B7 /* IntermediateTraining.app */,
			);
			name = Products;
			sourceTree = "<group>";
		};
		C637979D2A0154DF002857B7 /* IntermediateTraining */ = {
			isa = PBXGroup;
			children = (
				C637979E2A0154DF002857B7 /* AppDelegate.swift */,
				C63797A02A0154DF002857B7 /* SceneDelegate.swift */,
				C6F1762F2A0BD4EE007E940B /* Helpers */,
				C67526352A0CFB6F000A19D2 /* Employees */,
				C6F176282A0BA18C007E940B /* Companies */,
				C63797A42A0154DF002857B7 /* Main.storyboard */,
				C63797A72A0154E2002857B7 /* Assets.xcassets */,
				C63797A92A0154E2002857B7 /* LaunchScreen.storyboard */,
				C63797AC2A0154E2002857B7 /* Info.plist */,
				C63797D22A026505002857B7 /* UIColor+theme.swift */,
				C63797D42A0284F8002857B7 /* Company.swift */,
				C68430A62A039BC40088A378 /* IntermediateTrainingModels.xcdatamodeld */,
				C6886F5E2A092C4600818FE4 /* CoreDataManager.swift */,
			);
			path = IntermediateTraining;
			sourceTree = "<group>";
		};
		C67526352A0CFB6F000A19D2 /* Employees */ = {
			isa = PBXGroup;
			children = (
				C6F1762D2A0BCF8A007E940B /* EmployeesController.swift */,
				C6F176322A0BD629007E940B /* CreateEmployeeController.swift */,
				C6E6D9B32A653E54007B4BAD /* EmployeeType.swift */,
			);
			path = Employees;
			sourceTree = "<group>";
		};
		C6F176282A0BA18C007E940B /* Companies */ = {
			isa = PBXGroup;
			children = (
				C63797A22A0154DF002857B7 /* CompaniesController.swift */,
				C6F176292A0BA1A0007E940B /* CompaniesController+CreateCompany.swift */,
				C6F1762B2A0BA235007E940B /* CompaniesController+UITableView.swift */,
				C6F176262A0A951F007E940B /* CompanyCell.swift */,
				C63797D62A029FA1002857B7 /* CreateCompanyController.swift */,
				C69654C02A6811BB009E5F3F /* CompaniesAutoUpdateController.swift */,
				C680B7D32A6929B800CA177F /* Service.swift */,
			);
			path = Companies;
			sourceTree = "<group>";
		};
		C6F1762F2A0BD4EE007E940B /* Helpers */ = {
			isa = PBXGroup;
			children = (
				C6F176302A0BD521007E940B /* UIViewController+Helpers.swift */,
			);
			path = Helpers;
			sourceTree = "<group>";
		};
/* End PBXGroup section */

/* Begin PBXNativeTarget section */
		C637979A2A0154DF002857B7 /* IntermediateTraining */ = {
			isa = PBXNativeTarget;
			buildConfigurationList = C63797AF2A0154E2002857B7 /* Build configuration list for PBXNativeTarget "IntermediateTraining" */;
			buildPhases = (
				C63797972A0154DF002857B7 /* Sources */,
				C63797982A0154DF002857B7 /* Frameworks */,
				C63797992A0154DF002857B7 /* Resources */,
			);
			buildRules = (
			);
			dependencies = (
			);
			name = IntermediateTraining;
			productName = IntermediateTraining;
			productReference = C637979B2A0154DF002857B7 /* IntermediateTraining.app */;
			productType = "com.apple.product-type.application";
		};
/* End PBXNativeTarget section */

/* Begin PBXProject section */
		C63797932A0154DF002857B7 /* Project object */ = {
			isa = PBXProject;
			attributes = {
				BuildIndependentTargetsInParallel = 1;
				LastSwiftUpdateCheck = 1420;
				LastUpgradeCheck = 1420;
				TargetAttributes = {
					C637979A2A0154DF002857B7 = {
						CreatedOnToolsVersion = 14.2;
					};
				};
			};
			buildConfigurationList = C63797962A0154DF002857B7 /* Build configuration list for PBXProject "IntermediateTraining" */;
			compatibilityVersion = "Xcode 14.0";
			developmentRegion = en;
			hasScannedForEncodings = 0;
			knownRegions = (
				en,
				Base,
			);
			mainGroup = C63797922A0154DF002857B7;
			productRefGroup = C637979C2A0154DF002857B7 /* Products */;
			projectDirPath = "";
			projectRoot = "";
			targets = (
				C637979A2A0154DF002857B7 /* IntermediateTraining */,
			);
		};
/* End PBXProject section */

/* Begin PBXResourcesBuildPhase section */
		C63797992A0154DF002857B7 /* Resources */ = {
			isa = PBXResourcesBuildPhase;
			buildActionMask = 2147483647;
			files = (
				C63797AB2A0154E2002857B7 /* LaunchScreen.storyboard in Resources */,
				C63797A82A0154E2002857B7 /* Assets.xcassets in Resources */,
				C63797A62A0154DF002857B7 /* Main.storyboard in Resources */,
			);
			runOnlyForDeploymentPostprocessing = 0;
		};
/* End PBXResourcesBuildPhase section */

/* Begin PBXSourcesBuildPhase section */
		C63797972A0154DF002857B7 /* Sources */ = {
			isa = PBXSourcesBuildPhase;
			buildActionMask = 2147483647;
			files = (
				C68430A82A039BC40088A378 /* IntermediateTrainingModels.xcdatamodeld in Sources */,
				C6F176332A0BD629007E940B /* CreateEmployeeController.swift in Sources */,
				C6F1762C2A0BA235007E940B /* CompaniesController+UITableView.swift in Sources */,
				C63797A32A0154DF002857B7 /* CompaniesController.swift in Sources */,
				C6E6D9B42A653E54007B4BAD /* EmployeeType.swift in Sources */,
				C69654C12A6811BB009E5F3F /* CompaniesAutoUpdateController.swift in Sources */,
				C6F1762E2A0BCF8A007E940B /* EmployeesController.swift in Sources */,
				C63797D32A026505002857B7 /* UIColor+theme.swift in Sources */,
				C637979F2A0154DF002857B7 /* AppDelegate.swift in Sources */,
				C6F176272A0A951F007E940B /* CompanyCell.swift in Sources */,
				C63797D52A0284F8002857B7 /* Company.swift in Sources */,
				C680B7D42A6929B800CA177F /* Service.swift in Sources */,
				C63797A12A0154DF002857B7 /* SceneDelegate.swift in Sources */,
				C6886F5F2A092C4600818FE4 /* CoreDataManager.swift in Sources */,
				C63797D72A029FA1002857B7 /* CreateCompanyController.swift in Sources */,
				C6F1762A2A0BA1A0007E940B /* CompaniesController+CreateCompany.swift in Sources */,
				C6F176312A0BD521007E940B /* UIViewController+Helpers.swift in Sources */,
			);
			runOnlyForDeploymentPostprocessing = 0;
		};
/* End PBXSourcesBuildPhase section */

/* Begin PBXVariantGroup section */
		C63797A42A0154DF002857B7 /* Main.storyboard */ = {
			isa = PBXVariantGroup;
			children = (
				C63797A52A0154DF002857B7 /* Base */,
			);
			name = Main.storyboard;
			sourceTree = "<group>";
		};
		C63797A92A0154E2002857B7 /* LaunchScreen.storyboard */ = {
			isa = PBXVariantGroup;
			children = (
				C63797AA2A0154E2002857B7 /* Base */,
			);
			name = LaunchScreen.storyboard;
			sourceTree = "<group>";
		};
/* End PBXVariantGroup section */

/* Begin XCBuildConfiguration section */
		C63797AD2A0154E2002857B7 /* Debug */ = {
			isa = XCBuildConfiguration;
			buildSettings = {
				ALWAYS_SEARCH_USER_PATHS = NO;
				CLANG_ANALYZER_NONNULL = YES;
				CLANG_ANALYZER_NUMBER_OBJECT_CONVERSION = YES_AGGRESSIVE;
				CLANG_CXX_LANGUAGE_STANDARD = "gnu++20";
				CLANG_ENABLE_MODULES = YES;
				CLANG_ENABLE_OBJC_ARC = YES;
				CLANG_ENABLE_OBJC_WEAK = YES;
				CLANG_WARN_BLOCK_CAPTURE_AUTORELEASING = YES;
				CLANG_WARN_BOOL_CONVERSION = YES;
				CLANG_WARN_COMMA = YES;
				CLANG_WARN_CONSTANT_CONVERSION = YES;
				CLANG_WARN_DEPRECATED_OBJC_IMPLEMENTATIONS = YES;
				CLANG_WARN_DIRECT_OBJC_ISA_USAGE = YES_ERROR;
				CLANG_WARN_DOCUMENTATION_COMMENTS = YES;
				CLANG_WARN_EMPTY_BODY = YES;
				CLANG_WARN_ENUM_CONVERSION = YES;
				CLANG_WARN_INFINITE_RECURSION = YES;
				CLANG_WARN_INT_CONVERSION = YES;
				CLANG_WARN_NON_LITERAL_NULL_CONVERSION = YES;
				CLANG_WARN_OBJC_IMPLICIT_RETAIN_SELF = YES;
				CLANG_WARN_OBJC_LITERAL_CONVERSION = YES;
				CLANG_WARN_OBJC_ROOT_CLASS = YES_ERROR;
				CLANG_WARN_QUOTED_INCLUDE_IN_FRAMEWORK_HEADER = YES;
				CLANG_WARN_RANGE_LOOP_ANALYSIS = YES;
				CLANG_WARN_STRICT_PROTOTYPES = YES;
				CLANG_WARN_SUSPICIOUS_MOVE = YES;
				CLANG_WARN_UNGUARDED_AVAILABILITY = YES_AGGRESSIVE;
				CLANG_WARN_UNREACHABLE_CODE = YES;
				CLANG_WARN__DUPLICATE_METHOD_MATCH = YES;
				COPY_PHASE_STRIP = NO;
				DEBUG_INFORMATION_FORMAT = dwarf;
				ENABLE_STRICT_OBJC_MSGSEND = YES;
				ENABLE_TESTABILITY = YES;
				GCC_C_LANGUAGE_STANDARD = gnu11;
				GCC_DYNAMIC_NO_PIC = NO;
				GCC_NO_COMMON_BLOCKS = YES;
				GCC_OPTIMIZATION_LEVEL = 0;
				GCC_PREPROCESSOR_DEFINITIONS = (
					"DEBUG=1",
					"$(inherited)",
				);
				GCC_WARN_64_TO_32_BIT_CONVERSION = YES;
				GCC_WARN_ABOUT_RETURN_TYPE = YES_ERROR;
				GCC_WARN_UNDECLARED_SELECTOR = YES;
				GCC_WARN_UNINITIALIZED_AUTOS = YES_AGGRESSIVE;
				GCC_WARN_UNUSED_FUNCTION = YES;
				GCC_WARN_UNUSED_VARIABLE = YES;
				IPHONEOS_DEPLOYMENT_TARGET = 16.2;
				MTL_ENABLE_DEBUG_INFO = INCLUDE_SOURCE;
				MTL_FAST_MATH = YES;
				ONLY_ACTIVE_ARCH = YES;
				SDKROOT = iphoneos;
				SWIFT_ACTIVE_COMPILATION_CONDITIONS = DEBUG;
				SWIFT_OPTIMIZATION_LEVEL = "-Onone";
			};
			name = Debug;
		};
		C63797AE2A0154E2002857B7 /* Release */ = {
			isa = XCBuildConfiguration;
			buildSettings = {
				ALWAYS_SEARCH_USER_PATHS = NO;
				CLANG_ANALYZER_NONNULL = YES;
				CLANG_ANALYZER_NUMBER_OBJECT_CONVERSION = YES_AGGRESSIVE;
				CLANG_CXX_LANGUAGE_STANDARD = "gnu++20";
				CLANG_ENABLE_MODULES = YES;
				CLANG_ENABLE_OBJC_ARC = YES;
				CLANG_ENABLE_OBJC_WEAK = YES;
				CLANG_WARN_BLOCK_CAPTURE_AUTORELEASING = YES;
				CLANG_WARN_BOOL_CONVERSION = YES;
				CLANG_WARN_COMMA = YES;
				CLANG_WARN_CONSTANT_CONVERSION = YES;
				CLANG_WARN_DEPRECATED_OBJC_IMPLEMENTATIONS = YES;
				CLANG_WARN_DIRECT_OBJC_ISA_USAGE = YES_ERROR;
				CLANG_WARN_DOCUMENTATION_COMMENTS = YES;
				CLANG_WARN_EMPTY_BODY = YES;
				CLANG_WARN_ENUM_CONVERSION = YES;
				CLANG_WARN_INFINITE_RECURSION = YES;
				CLANG_WARN_INT_CONVERSION = YES;
				CLANG_WARN_NON_LITERAL_NULL_CONVERSION = YES;
				CLANG_WARN_OBJC_IMPLICIT_RETAIN_SELF = YES;
				CLANG_WARN_OBJC_LITERAL_CONVERSION = YES;
				CLANG_WARN_OBJC_ROOT_CLASS = YES_ERROR;
				CLANG_WARN_QUOTED_INCLUDE_IN_FRAMEWORK_HEADER = YES;
				CLANG_WARN_RANGE_LOOP_ANALYSIS = YES;
				CLANG_WARN_STRICT_PROTOTYPES = YES;
				CLANG_WARN_SUSPICIOUS_MOVE = YES;
				CLANG_WARN_UNGUARDED_AVAILABILITY = YES_AGGRESSIVE;
				CLANG_WARN_UNREACHABLE_CODE = YES;
				CLANG_WARN__DUPLICATE_METHOD_MATCH = YES;
				COPY_PHASE_STRIP = NO;
				DEBUG_INFORMATION_FORMAT = "dwarf-with-dsym";
				ENABLE_NS_ASSERTIONS = NO;
				ENABLE_STRICT_OBJC_MSGSEND = YES;
				GCC_C_LANGUAGE_STANDARD = gnu11;
				GCC_NO_COMMON_BLOCKS = YES;
				GCC_WARN_64_TO_32_BIT_CONVERSION = YES;
				GCC_WARN_ABOUT_RETURN_TYPE = YES_ERROR;
				GCC_WARN_UNDECLARED_SELECTOR = YES;
				GCC_WARN_UNINITIALIZED_AUTOS = YES_AGGRESSIVE;
				GCC_WARN_UNUSED_FUNCTION = YES;
				GCC_WARN_UNUSED_VARIABLE = YES;
				IPHONEOS_DEPLOYMENT_TARGET = 16.2;
				MTL_ENABLE_DEBUG_INFO = NO;
				MTL_FAST_MATH = YES;
				SDKROOT = iphoneos;
				SWIFT_COMPILATION_MODE = wholemodule;
				SWIFT_OPTIMIZATION_LEVEL = "-O";
				VALIDATE_PRODUCT = YES;
			};
			name = Release;
		};
		C63797B02A0154E2002857B7 /* Debug */ = {
			isa = XCBuildConfiguration;
			buildSettings = {
				ASSETCATALOG_COMPILER_APPICON_NAME = AppIcon;
				ASSETCATALOG_COMPILER_GLOBAL_ACCENT_COLOR_NAME = AccentColor;
				CODE_SIGN_STYLE = Automatic;
				CURRENT_PROJECT_VERSION = 1;
				DEVELOPMENT_TEAM = BGM7MLY8F7;
				GENERATE_INFOPLIST_FILE = YES;
				INFOPLIST_FILE = IntermediateTraining/Info.plist;
				INFOPLIST_KEY_UIApplicationSupportsIndirectInputEvents = YES;
				INFOPLIST_KEY_UILaunchStoryboardName = LaunchScreen;
				INFOPLIST_KEY_UIMainStoryboardFile = Main;
				INFOPLIST_KEY_UISupportedInterfaceOrientations_iPad = "UIInterfaceOrientationPortrait UIInterfaceOrientationPortraitUpsideDown UIInterfaceOrientationLandscapeLeft UIInterfaceOrientationLandscapeRight";
				INFOPLIST_KEY_UISupportedInterfaceOrientations_iPhone = "UIInterfaceOrientationPortrait UIInterfaceOrientationLandscapeLeft UIInterfaceOrientationLandscapeRight";
				IPHONEOS_DEPLOYMENT_TARGET = 16.2;
				LD_RUNPATH_SEARCH_PATHS = (
					"$(inherited)",
					"@executable_path/Frameworks",
				);
				MARKETING_VERSION = 1.0;
				PRODUCT_BUNDLE_IDENTIFIER = com.angelaterao.IntermediateTraining;
				PRODUCT_NAME = "$(TARGET_NAME)";
				SWIFT_EMIT_LOC_STRINGS = YES;
				SWIFT_VERSION = 5.0;
				TARGETED_DEVICE_FAMILY = "1,2";
			};
			name = Debug;
		};
		C63797B12A0154E2002857B7 /* Release */ = {
			isa = XCBuildConfiguration;
			buildSettings = {
				ASSETCATALOG_COMPILER_APPICON_NAME = AppIcon;
				ASSETCATALOG_COMPILER_GLOBAL_ACCENT_COLOR_NAME = AccentColor;
				CODE_SIGN_STYLE = Automatic;
				CURRENT_PROJECT_VERSION = 1;
				DEVELOPMENT_TEAM = BGM7MLY8F7;
				GENERATE_INFOPLIST_FILE = YES;
				INFOPLIST_FILE = IntermediateTraining/Info.plist;
				INFOPLIST_KEY_UIApplicationSupportsIndirectInputEvents = YES;
				INFOPLIST_KEY_UILaunchStoryboardName = LaunchScreen;
				INFOPLIST_KEY_UIMainStoryboardFile = Main;
				INFOPLIST_KEY_UISupportedInterfaceOrientations_iPad = "UIInterfaceOrientationPortrait UIInterfaceOrientationPortraitUpsideDown UIInterfaceOrientationLandscapeLeft UIInterfaceOrientationLandscapeRight";
				INFOPLIST_KEY_UISupportedInterfaceOrientations_iPhone = "UIInterfaceOrientationPortrait UIInterfaceOrientationLandscapeLeft UIInterfaceOrientationLandscapeRight";
				IPHONEOS_DEPLOYMENT_TARGET = 16.2;
				LD_RUNPATH_SEARCH_PATHS = (
					"$(inherited)",
					"@executable_path/Frameworks",
				);
				MARKETING_VERSION = 1.0;
				PRODUCT_BUNDLE_IDENTIFIER = com.angelaterao.IntermediateTraining;
				PRODUCT_NAME = "$(TARGET_NAME)";
				SWIFT_EMIT_LOC_STRINGS = YES;
				SWIFT_VERSION = 5.0;
				TARGETED_DEVICE_FAMILY = "1,2";
			};
			name = Release;
		};
/* End XCBuildConfiguration section */

/* Begin XCConfigurationList section */
		C63797962A0154DF002857B7 /* Build configuration list for PBXProject "IntermediateTraining" */ = {
			isa = XCConfigurationList;
			buildConfigurations = (
				C63797AD2A0154E2002857B7 /* Debug */,
				C63797AE2A0154E2002857B7 /* Release */,
			);
			defaultConfigurationIsVisible = 0;
			defaultConfigurationName = Release;
		};
		C63797AF2A0154E2002857B7 /* Build configuration list for PBXNativeTarget "IntermediateTraining" */ = {
			isa = XCConfigurationList;
			buildConfigurations = (
				C63797B02A0154E2002857B7 /* Debug */,
				C63797B12A0154E2002857B7 /* Release */,
			);
			defaultConfigurationIsVisible = 0;
			defaultConfigurationName = Release;
		};
/* End XCConfigurationList section */

/* Begin XCVersionGroup section */
		C68430A62A039BC40088A378 /* IntermediateTrainingModels.xcdatamodeld */ = {
			isa = XCVersionGroup;
			children = (
				C69D294D2A6AB38D008B4BB3 /* IntermediateTrainingModels_v1.1.xcdatamodel */,
				C68430A72A039BC40088A378 /* IntermediateTrainingModels.xcdatamodel */,
			);
			currentVersion = C68430A72A039BC40088A378 /* IntermediateTrainingModels.xcdatamodel */;
			path = IntermediateTrainingModels.xcdatamodeld;
			sourceTree = "<group>";
			versionGroupType = wrapper.xcdatamodel;
		};
/* End XCVersionGroup section */
	};
	rootObject = C63797932A0154DF002857B7 /* Project object */;
}
